
Microsoft Visual Studio Solution File, Format Version 12.00
# Visual Studio Version 17
VisualStudioVersion = 17.8.34525.116
MinimumVisualStudioVersion = 10.0.40219.1
Project("{FAE04EC0-301F-11D3-BF4B-00C04F79EFBC}") = "SagaUnit", "SagaUnit\SagaUnit.csproj", "{F9412E43-FA32-4CF3-8248-521D34FDC4D1}"
EndProject
Global
	GlobalSection(SolutionConfigurationPlatforms) = preSolution
		Debug|Any CPU = Debug|Any CPU
		Release|Any CPU = Release|Any CPU
	EndGlobalSection
	GlobalSection(ProjectConfigurationPlatforms) = postSolution
		{F9412E43-FA32-4CF3-8248-521D34FDC4D1}.Debug|Any CPU.ActiveCfg = Debug|Any CPU
		{F9412E43-FA32-4CF3-8248-521D34FDC4D1}.Debug|Any CPU.Build.0 = Debug|Any CPU
		{F9412E43-FA32-4CF3-8248-521D34FDC4D1}.Release|Any CPU.ActiveCfg = Release|Any CPU
		{F9412E43-FA32-4CF3-8248-521D34FDC4D1}.Release|Any CPU.Build.0 = Release|Any CPU
	EndGlobalSection
	GlobalSection(SolutionProperties) = preSolution
		HideSolutionNode = FALSE
	EndGlobalSection
	GlobalSection(ExtensibilityGlobals) = postSolution
		SolutionGuid = {25BA3055-8E48-4939-9176-DC31924FB8DA}
	EndGlobalSection
EndGlobal
