
Microsoft Visual Studio Solution File, Format Version 12.00
# Visual Studio Version 17
VisualStudioVersion = 17.8.34525.116
MinimumVisualStudioVersion = 10.0.40219.1
Project("{9A19103F-16F7-4668-BE54-9A1E7A4F7556}") = "SpeechLive.SagaUnit.HostService", "SagaUnit\SpeechLive.SagaUnit.HostService.csproj", "{F9412E43-FA32-4CF3-8248-521D34FDC4D1}"
EndProject
Project("{2150E333-8FDC-42A3-9474-1A3956D46DE8}") = "src", "src", "{F6FD1786-1B15-483C-843E-DDA715BD61F6}"
EndProject
Global
	GlobalSection(SolutionConfigurationPlatforms) = preSolution
		Debug|Any CPU = Debug|Any CPU
		Release|Any CPU = Release|Any CPU
	EndGlobalSection
	GlobalSection(ProjectConfigurationPlatforms) = postSolution
		{F9412E43-FA32-4CF3-8248-521D34FDC4D1}.Debug|Any CPU.ActiveCfg = Debug|Any CPU
		{F9412E43-FA32-4CF3-8248-521D34FDC4D1}.Debug|Any CPU.Build.0 = Debug|Any CPU
		{F9412E43-FA32-4CF3-8248-521D34FDC4D1}.Release|Any CPU.ActiveCfg = Release|Any CPU
		{F9412E43-FA32-4CF3-8248-521D34FDC4D1}.Release|Any CPU.Build.0 = Release|Any CPU
	EndGlobalSection
	GlobalSection(SolutionProperties) = preSolution
		HideSolutionNode = FALSE
	EndGlobalSection
	GlobalSection(NestedProjects) = preSolution
		{F9412E43-FA32-4CF3-8248-521D34FDC4D1} = {F6FD1786-1B15-483C-843E-DDA715BD61F6}
	EndGlobalSection
	GlobalSection(ExtensibilityGlobals) = postSolution
		SolutionGuid = {25BA3055-8E48-4939-9176-DC31924FB8DA}
	EndGlobalSection
EndGlobal
